// !$*UTF8*$!
{
	archiveVersion = 1;
	classes = {
	};
	objectVersion = 46;
	objects = {

/* Begin PBXBuildFile section */
		0906C2D4D2BBEC054B2D5BA5 /* ofxAudioUnitMatrixMixer.cpp in Sources */ = {isa = PBXBuildFile; fileRef = C8B7749DFCB2413261E353B4 /* ofxAudioUnitMatrixMixer.cpp */; };
		0928F46C1FFAFB7170C2A661 /* ofxAudioUnitSampler.cpp in Sources */ = {isa = PBXBuildFile; fileRef = 72439F44FFDA8E291988657B /* ofxAudioUnitSampler.cpp */; };
		0B1A7EDFBC477E5A2E37CCDF /* ofxAudioUnitTap.cpp in Sources */ = {isa = PBXBuildFile; fileRef = 3BF3233A625C876FDABFAB0C /* ofxAudioUnitTap.cpp */; };
		0C4F519BCE65BA5D7D6B6B68 /* CADebugMacros.cpp in Sources */ = {isa = PBXBuildFile; fileRef = D354A3121711EC82B6136FB0 /* CADebugMacros.cpp */; };
		0E826EC50F9F913C3159C2F7 /* ofxAudioUnitFftNode.cpp in Sources */ = {isa = PBXBuildFile; fileRef = 10F1B6B6DFEE960F7FA4C661 /* ofxAudioUnitFftNode.cpp */; };
		1F5D1B5017C7965100DA5FF7 /* AudioUnit.framework in Frameworks */ = {isa = PBXBuildFile; fileRef = 1F5D1B4F17C7965100DA5FF7 /* AudioUnit.framework */; };
		1F5D1B5217C7965700DA5FF7 /* CoreAudioKit.framework in Frameworks */ = {isa = PBXBuildFile; fileRef = 1F5D1B5117C7965700DA5FF7 /* CoreAudioKit.framework */; };
		1F5D1B9417C7ACB900DA5FF7 /* tinyxml.cpp in Sources */ = {isa = PBXBuildFile; fileRef = 1F5D1B8D17C7ACB900DA5FF7 /* tinyxml.cpp */; };
		1F5D1B9517C7ACB900DA5FF7 /* tinyxmlerror.cpp in Sources */ = {isa = PBXBuildFile; fileRef = 1F5D1B8F17C7ACB900DA5FF7 /* tinyxmlerror.cpp */; };
		1F5D1B9617C7ACB900DA5FF7 /* tinyxmlparser.cpp in Sources */ = {isa = PBXBuildFile; fileRef = 1F5D1B9017C7ACB900DA5FF7 /* tinyxmlparser.cpp */; };
		1F5D1B9717C7ACB900DA5FF7 /* ofxXmlSettings.cpp in Sources */ = {isa = PBXBuildFile; fileRef = 1F5D1B9217C7ACB900DA5FF7 /* ofxXmlSettings.cpp */; };
		1F96409317CA8AE200834FC1 /* ofxVideoRecorder.cpp in Sources */ = {isa = PBXBuildFile; fileRef = 1F96409117CA8AE200834FC1 /* ofxVideoRecorder.cpp */; };
		250A710D8814BF6D345B0877 /* ofxAudioUnitNetSend.cpp in Sources */ = {isa = PBXBuildFile; fileRef = 1B31A94C1F7A20222686E663 /* ofxAudioUnitNetSend.cpp */; };
		2B33B0211E062CB61C7FAEF9 /* ofxAudioUnitDSPNode.cpp in Sources */ = {isa = PBXBuildFile; fileRef = AA63A01981FA6FCF6879A5C3 /* ofxAudioUnitDSPNode.cpp */; };
		2D5FF7F2ACFB45212BC7739D /* ofxAudioUnitCocoaUtilties.mm in Sources */ = {isa = PBXBuildFile; fileRef = FF9373CF95715BD3B8B9E8F9 /* ofxAudioUnitCocoaUtilties.mm */; };
		6F4C9BC6393F980E0D016D52 /* AUParamInfo.cpp in Sources */ = {isa = PBXBuildFile; fileRef = FDA227D32C008FE98AD76882 /* AUParamInfo.cpp */; };
		71239FABD9DD8DADE3E2EFF9 /* ofxAudioUnitMixer.cpp in Sources */ = {isa = PBXBuildFile; fileRef = 2939367276DF781697E0D879 /* ofxAudioUnitMixer.cpp */; };
		87B337624802E70C0BDB11F3 /* ofxAudioUnit.cpp in Sources */ = {isa = PBXBuildFile; fileRef = 2DC2346096C29D44D4517679 /* ofxAudioUnit.cpp */; };
		A1D93B3B282E51FD3DED5313 /* ofxAudioUnitInput.cpp in Sources */ = {isa = PBXBuildFile; fileRef = 921304ABBEE9BBAD13436898 /* ofxAudioUnitInput.cpp */; };
		AB6830767302568AB46DC937 /* ofxAudioUnitSpeechSynth.cpp in Sources */ = {isa = PBXBuildFile; fileRef = 39A11AF55C4BFFBB589C8D0D /* ofxAudioUnitSpeechSynth.cpp */; };
		B7855559EDBA512073143693 /* CAAUParameter.cpp in Sources */ = {isa = PBXBuildFile; fileRef = E8F2F49AF09EB5453E1E6536 /* CAAUParameter.cpp */; };
		BBAB23CB13894F3D00AA2426 /* GLUT.framework in CopyFiles */ = {isa = PBXBuildFile; fileRef = BBAB23BE13894E4700AA2426 /* GLUT.framework */; };
		C0A1F9451231B08DCCFFC838 /* ofxAudioUnitNetReceive.cpp in Sources */ = {isa = PBXBuildFile; fileRef = C8329EBFADF768E535429BCA /* ofxAudioUnitNetReceive.cpp */; };
		D5D5C8479C1C2A462955A2EC /* ofxAudioUnitMidi.cpp in Sources */ = {isa = PBXBuildFile; fileRef = 49B5DC24CF34C7895A503416 /* ofxAudioUnitMidi.cpp */; };
		E4328149138ABC9F0047C5CB /* openFrameworksDebug.a in Frameworks */ = {isa = PBXBuildFile; fileRef = E4328148138ABC890047C5CB /* openFrameworksDebug.a */; };
		E45BE97B0E8CC7DD009D7055 /* AGL.framework in Frameworks */ = {isa = PBXBuildFile; fileRef = E45BE9710E8CC7DD009D7055 /* AGL.framework */; };
		E45BE97C0E8CC7DD009D7055 /* ApplicationServices.framework in Frameworks */ = {isa = PBXBuildFile; fileRef = E45BE9720E8CC7DD009D7055 /* ApplicationServices.framework */; };
		E45BE97D0E8CC7DD009D7055 /* AudioToolbox.framework in Frameworks */ = {isa = PBXBuildFile; fileRef = E45BE9730E8CC7DD009D7055 /* AudioToolbox.framework */; };
		E45BE97E0E8CC7DD009D7055 /* Carbon.framework in Frameworks */ = {isa = PBXBuildFile; fileRef = E45BE9740E8CC7DD009D7055 /* Carbon.framework */; };
		E45BE97F0E8CC7DD009D7055 /* CoreAudio.framework in Frameworks */ = {isa = PBXBuildFile; fileRef = E45BE9750E8CC7DD009D7055 /* CoreAudio.framework */; };
		E45BE9800E8CC7DD009D7055 /* CoreFoundation.framework in Frameworks */ = {isa = PBXBuildFile; fileRef = E45BE9760E8CC7DD009D7055 /* CoreFoundation.framework */; };
		E45BE9810E8CC7DD009D7055 /* CoreServices.framework in Frameworks */ = {isa = PBXBuildFile; fileRef = E45BE9770E8CC7DD009D7055 /* CoreServices.framework */; };
		E45BE9830E8CC7DD009D7055 /* OpenGL.framework in Frameworks */ = {isa = PBXBuildFile; fileRef = E45BE9790E8CC7DD009D7055 /* OpenGL.framework */; };
		E45BE9840E8CC7DD009D7055 /* QuickTime.framework in Frameworks */ = {isa = PBXBuildFile; fileRef = E45BE97A0E8CC7DD009D7055 /* QuickTime.framework */; };
		E4B69E200A3A1BDC003C02F2 /* main.cpp in Sources */ = {isa = PBXBuildFile; fileRef = E4B69E1D0A3A1BDC003C02F2 /* main.cpp */; };
		E4B69E210A3A1BDC003C02F2 /* testApp.cpp in Sources */ = {isa = PBXBuildFile; fileRef = E4B69E1E0A3A1BDC003C02F2 /* testApp.cpp */; };
		E4C2424710CC5A17004149E2 /* AppKit.framework in Frameworks */ = {isa = PBXBuildFile; fileRef = E4C2424410CC5A17004149E2 /* AppKit.framework */; };
		E4C2424810CC5A17004149E2 /* Cocoa.framework in Frameworks */ = {isa = PBXBuildFile; fileRef = E4C2424510CC5A17004149E2 /* Cocoa.framework */; };
		E4C2424910CC5A17004149E2 /* IOKit.framework in Frameworks */ = {isa = PBXBuildFile; fileRef = E4C2424610CC5A17004149E2 /* IOKit.framework */; };
		E4EB6799138ADC1D00A09F29 /* GLUT.framework in Frameworks */ = {isa = PBXBuildFile; fileRef = BBAB23BE13894E4700AA2426 /* GLUT.framework */; };
		E7E077E515D3B63C0020DFD4 /* CoreVideo.framework in Frameworks */ = {isa = PBXBuildFile; fileRef = E7E077E415D3B63C0020DFD4 /* CoreVideo.framework */; };
		E7E077E815D3B6510020DFD4 /* QTKit.framework in Frameworks */ = {isa = PBXBuildFile; fileRef = E7E077E715D3B6510020DFD4 /* QTKit.framework */; };
		E7F985F815E0DEA3003869B5 /* Accelerate.framework in Frameworks */ = {isa = PBXBuildFile; fileRef = E7F985F515E0DE99003869B5 /* Accelerate.framework */; };
		EE243572ECA9AD4D118EEF8E /* TPCircularBuffer.c in Sources */ = {isa = PBXBuildFile; fileRef = 7C1900A801EF82F8E3B799B7 /* TPCircularBuffer.c */; };
		F09EC3F89CF64E415784BB32 /* ofxAudioUnitHardwareUtils.cpp in Sources */ = {isa = PBXBuildFile; fileRef = 9ABA70779062F057766BC5DE /* ofxAudioUnitHardwareUtils.cpp */; };
		F37393707BBD7E49A1055FFB /* ofxAudioUnitFilePlayer.cpp in Sources */ = {isa = PBXBuildFile; fileRef = 31564F8523FF518F4EC8F292 /* ofxAudioUnitFilePlayer.cpp */; };
		F46D757E6D52DFFE3A9C169B /* ofxAudioUnitOutput.cpp in Sources */ = {isa = PBXBuildFile; fileRef = 58685F70D967CF184B231102 /* ofxAudioUnitOutput.cpp */; };
/* End PBXBuildFile section */

/* Begin PBXContainerItemProxy section */
		E4328147138ABC890047C5CB /* PBXContainerItemProxy */ = {
			isa = PBXContainerItemProxy;
			containerPortal = E4328143138ABC890047C5CB /* openFrameworksLib.xcodeproj */;
			proxyType = 2;
			remoteGlobalIDString = E4B27C1510CBEB8E00536013;
			remoteInfo = openFrameworks;
		};
		E4EEB9AB138B136A00A80321 /* PBXContainerItemProxy */ = {
			isa = PBXContainerItemProxy;
			containerPortal = E4328143138ABC890047C5CB /* openFrameworksLib.xcodeproj */;
			proxyType = 1;
			remoteGlobalIDString = E4B27C1410CBEB8E00536013;
			remoteInfo = openFrameworks;
		};
/* End PBXContainerItemProxy section */

/* Begin PBXCopyFilesBuildPhase section */
		E4C2427710CC5ABF004149E2 /* CopyFiles */ = {
			isa = PBXCopyFilesBuildPhase;
			buildActionMask = 2147483647;
			dstPath = "";
			dstSubfolderSpec = 10;
			files = (
				BBAB23CB13894F3D00AA2426 /* GLUT.framework in CopyFiles */,
			);
			runOnlyForDeploymentPostprocessing = 0;
		};
/* End PBXCopyFilesBuildPhase section */

/* Begin PBXFileReference section */
		089DEAE1CF6D401E86110F72 /* ofxAudioUnitOutput.h */ = {isa = PBXFileReference; explicitFileType = sourcecode.c.h; fileEncoding = 30; name = ofxAudioUnitOutput.h; path = ../../../addons/ofxAudioUnit/src/ofxAudioUnitOutput.h; sourceTree = SOURCE_ROOT; };
		10F1B6B6DFEE960F7FA4C661 /* ofxAudioUnitFftNode.cpp */ = {isa = PBXFileReference; explicitFileType = sourcecode.cpp.cpp; fileEncoding = 30; name = ofxAudioUnitFftNode.cpp; path = ../../../addons/ofxAudioUnit/src/ofxAudioUnitFftNode.cpp; sourceTree = SOURCE_ROOT; };
		13B169351929EEA804C94E5D /* CAAUParameter.h */ = {isa = PBXFileReference; explicitFileType = sourcecode.c.h; fileEncoding = 30; name = CAAUParameter.h; path = ../../../addons/ofxAudioUnit/src/CAPublicUtility/CAAUParameter.h; sourceTree = SOURCE_ROOT; };
		18B335E1BC2A834648C8D7DF /* ofxAudioUnitNetSend.h */ = {isa = PBXFileReference; explicitFileType = sourcecode.c.h; fileEncoding = 30; name = ofxAudioUnitNetSend.h; path = ../../../addons/ofxAudioUnit/src/ofxAudioUnitNetSend.h; sourceTree = SOURCE_ROOT; };
		18F9C99EFC1FC4B7EAF4E79F /* ofxAudioUnitMixer.h */ = {isa = PBXFileReference; explicitFileType = sourcecode.c.h; fileEncoding = 30; name = ofxAudioUnitMixer.h; path = ../../../addons/ofxAudioUnit/src/ofxAudioUnitMixer.h; sourceTree = SOURCE_ROOT; };
		1B31A94C1F7A20222686E663 /* ofxAudioUnitNetSend.cpp */ = {isa = PBXFileReference; explicitFileType = sourcecode.cpp.cpp; fileEncoding = 30; name = ofxAudioUnitNetSend.cpp; path = ../../../addons/ofxAudioUnit/src/ofxAudioUnitNetSend.cpp; sourceTree = SOURCE_ROOT; };
		1F5D1B4F17C7965100DA5FF7 /* AudioUnit.framework */ = {isa = PBXFileReference; lastKnownFileType = wrapper.framework; name = AudioUnit.framework; path = System/Library/Frameworks/AudioUnit.framework; sourceTree = SDKROOT; };
		1F5D1B5117C7965700DA5FF7 /* CoreAudioKit.framework */ = {isa = PBXFileReference; lastKnownFileType = wrapper.framework; name = CoreAudioKit.framework; path = System/Library/Frameworks/CoreAudioKit.framework; sourceTree = SDKROOT; };
		1F5D1B5C17C7ACA600DA5FF7 /* ofxUI.h */ = {isa = PBXFileReference; fileEncoding = 4; lastKnownFileType = sourcecode.c.h; path = ofxUI.h; sourceTree = "<group>"; };
		1F5D1B5D17C7ACA600DA5FF7 /* ofxUI2DGraph.h */ = {isa = PBXFileReference; fileEncoding = 4; lastKnownFileType = sourcecode.c.h; path = ofxUI2DGraph.h; sourceTree = "<group>"; };
		1F5D1B5E17C7ACA600DA5FF7 /* ofxUI2DPad.h */ = {isa = PBXFileReference; fileEncoding = 4; lastKnownFileType = sourcecode.c.h; path = ofxUI2DPad.h; sourceTree = "<group>"; };
		1F5D1B5F17C7ACA600DA5FF7 /* ofxUIBaseDraws.h */ = {isa = PBXFileReference; fileEncoding = 4; lastKnownFileType = sourcecode.c.h; path = ofxUIBaseDraws.h; sourceTree = "<group>"; };
		1F5D1B6017C7ACA600DA5FF7 /* ofxUIBiLabelSlider.h */ = {isa = PBXFileReference; fileEncoding = 4; lastKnownFileType = sourcecode.c.h; path = ofxUIBiLabelSlider.h; sourceTree = "<group>"; };
		1F5D1B6117C7ACA600DA5FF7 /* ofxUIButton.h */ = {isa = PBXFileReference; fileEncoding = 4; lastKnownFileType = sourcecode.c.h; path = ofxUIButton.h; sourceTree = "<group>"; };
		1F5D1B6217C7ACA600DA5FF7 /* ofxUICanvas.h */ = {isa = PBXFileReference; fileEncoding = 4; lastKnownFileType = sourcecode.c.h; path = ofxUICanvas.h; sourceTree = "<group>"; };
		1F5D1B6317C7ACA600DA5FF7 /* ofxUICircleSlider.h */ = {isa = PBXFileReference; fileEncoding = 4; lastKnownFileType = sourcecode.c.h; path = ofxUICircleSlider.h; sourceTree = "<group>"; };
		1F5D1B6417C7ACA600DA5FF7 /* ofxUICustomImageButton.h */ = {isa = PBXFileReference; fileEncoding = 4; lastKnownFileType = sourcecode.c.h; path = ofxUICustomImageButton.h; sourceTree = "<group>"; };
		1F5D1B6517C7ACA600DA5FF7 /* ofxUIDropDownList.h */ = {isa = PBXFileReference; fileEncoding = 4; lastKnownFileType = sourcecode.c.h; path = ofxUIDropDownList.h; sourceTree = "<group>"; };
		1F5D1B6617C7ACA600DA5FF7 /* ofxUIEventArgs.h */ = {isa = PBXFileReference; fileEncoding = 4; lastKnownFileType = sourcecode.c.h; path = ofxUIEventArgs.h; sourceTree = "<group>"; };
		1F5D1B6717C7ACA600DA5FF7 /* ofxUIFPS.h */ = {isa = PBXFileReference; fileEncoding = 4; lastKnownFileType = sourcecode.c.h; path = ofxUIFPS.h; sourceTree = "<group>"; };
		1F5D1B6817C7ACA600DA5FF7 /* ofxUIFPSSlider.h */ = {isa = PBXFileReference; fileEncoding = 4; lastKnownFileType = sourcecode.c.h; path = ofxUIFPSSlider.h; sourceTree = "<group>"; };
		1F5D1B6917C7ACA600DA5FF7 /* ofxUIImage.h */ = {isa = PBXFileReference; fileEncoding = 4; lastKnownFileType = sourcecode.c.h; path = ofxUIImage.h; sourceTree = "<group>"; };
		1F5D1B6A17C7ACA600DA5FF7 /* ofxUIImageButton.h */ = {isa = PBXFileReference; fileEncoding = 4; lastKnownFileType = sourcecode.c.h; path = ofxUIImageButton.h; sourceTree = "<group>"; };
		1F5D1B6B17C7ACA600DA5FF7 /* ofxUIImageSampler.h */ = {isa = PBXFileReference; fileEncoding = 4; lastKnownFileType = sourcecode.c.h; path = ofxUIImageSampler.h; sourceTree = "<group>"; };
		1F5D1B6C17C7ACA600DA5FF7 /* ofxUIImageSlider.h */ = {isa = PBXFileReference; fileEncoding = 4; lastKnownFileType = sourcecode.c.h; path = ofxUIImageSlider.h; sourceTree = "<group>"; };
		1F5D1B6D17C7ACA600DA5FF7 /* ofxUIImageToggle.h */ = {isa = PBXFileReference; fileEncoding = 4; lastKnownFileType = sourcecode.c.h; path = ofxUIImageToggle.h; sourceTree = "<group>"; };
		1F5D1B6E17C7ACA600DA5FF7 /* ofxUILabel.h */ = {isa = PBXFileReference; fileEncoding = 4; lastKnownFileType = sourcecode.c.h; path = ofxUILabel.h; sourceTree = "<group>"; };
		1F5D1B6F17C7ACA600DA5FF7 /* ofxUILabelButton.h */ = {isa = PBXFileReference; fileEncoding = 4; lastKnownFileType = sourcecode.c.h; path = ofxUILabelButton.h; sourceTree = "<group>"; };
		1F5D1B7017C7ACA600DA5FF7 /* ofxUILabelToggle.h */ = {isa = PBXFileReference; fileEncoding = 4; lastKnownFileType = sourcecode.c.h; path = ofxUILabelToggle.h; sourceTree = "<group>"; };
		1F5D1B7117C7ACA600DA5FF7 /* ofxUIMinimalSlider.h */ = {isa = PBXFileReference; fileEncoding = 4; lastKnownFileType = sourcecode.c.h; path = ofxUIMinimalSlider.h; sourceTree = "<group>"; };
		1F5D1B7217C7ACA600DA5FF7 /* ofxUIMovingGraph.h */ = {isa = PBXFileReference; fileEncoding = 4; lastKnownFileType = sourcecode.c.h; path = ofxUIMovingGraph.h; sourceTree = "<group>"; };
		1F5D1B7317C7ACA600DA5FF7 /* ofxUIMultiImageButton.h */ = {isa = PBXFileReference; fileEncoding = 4; lastKnownFileType = sourcecode.c.h; path = ofxUIMultiImageButton.h; sourceTree = "<group>"; };
		1F5D1B7417C7ACA600DA5FF7 /* ofxUIMultiImageSlider.h */ = {isa = PBXFileReference; fileEncoding = 4; lastKnownFileType = sourcecode.c.h; path = ofxUIMultiImageSlider.h; sourceTree = "<group>"; };
		1F5D1B7517C7ACA600DA5FF7 /* ofxUIMultiImageToggle.h */ = {isa = PBXFileReference; fileEncoding = 4; lastKnownFileType = sourcecode.c.h; path = ofxUIMultiImageToggle.h; sourceTree = "<group>"; };
		1F5D1B7617C7ACA600DA5FF7 /* ofxUINumberDialer.h */ = {isa = PBXFileReference; fileEncoding = 4; lastKnownFileType = sourcecode.c.h; path = ofxUINumberDialer.h; sourceTree = "<group>"; };
		1F5D1B7717C7ACA600DA5FF7 /* ofxUIOFWrapper.h */ = {isa = PBXFileReference; fileEncoding = 4; lastKnownFileType = sourcecode.c.h; path = ofxUIOFWrapper.h; sourceTree = "<group>"; };
		1F5D1B7817C7ACA600DA5FF7 /* ofxUIRadio.h */ = {isa = PBXFileReference; fileEncoding = 4; lastKnownFileType = sourcecode.c.h; path = ofxUIRadio.h; sourceTree = "<group>"; };
		1F5D1B7917C7ACA600DA5FF7 /* ofxUIRangeSlider.h */ = {isa = PBXFileReference; fileEncoding = 4; lastKnownFileType = sourcecode.c.h; path = ofxUIRangeSlider.h; sourceTree = "<group>"; };
		1F5D1B7A17C7ACA600DA5FF7 /* ofxUIRectangle.h */ = {isa = PBXFileReference; fileEncoding = 4; lastKnownFileType = sourcecode.c.h; path = ofxUIRectangle.h; sourceTree = "<group>"; };
		1F5D1B7B17C7ACA600DA5FF7 /* ofxUIRotarySlider.h */ = {isa = PBXFileReference; fileEncoding = 4; lastKnownFileType = sourcecode.c.h; path = ofxUIRotarySlider.h; sourceTree = "<group>"; };
		1F5D1B7C17C7ACA600DA5FF7 /* ofxUIScrollableCanvas.h */ = {isa = PBXFileReference; fileEncoding = 4; lastKnownFileType = sourcecode.c.h; path = ofxUIScrollableCanvas.h; sourceTree = "<group>"; };
		1F5D1B7D17C7ACA600DA5FF7 /* ofxUISlider.h */ = {isa = PBXFileReference; fileEncoding = 4; lastKnownFileType = sourcecode.c.h; path = ofxUISlider.h; sourceTree = "<group>"; };
		1F5D1B7E17C7ACA600DA5FF7 /* ofxUISpacer.h */ = {isa = PBXFileReference; fileEncoding = 4; lastKnownFileType = sourcecode.c.h; path = ofxUISpacer.h; sourceTree = "<group>"; };
		1F5D1B7F17C7ACA600DA5FF7 /* ofxUISpectrum.h */ = {isa = PBXFileReference; fileEncoding = 4; lastKnownFileType = sourcecode.c.h; path = ofxUISpectrum.h; sourceTree = "<group>"; };
		1F5D1B8017C7ACA600DA5FF7 /* ofxUISuperCanvas.h */ = {isa = PBXFileReference; fileEncoding = 4; lastKnownFileType = sourcecode.c.h; path = ofxUISuperCanvas.h; sourceTree = "<group>"; };
		1F5D1B8117C7ACA600DA5FF7 /* ofxUITabBar.h */ = {isa = PBXFileReference; fileEncoding = 4; lastKnownFileType = sourcecode.c.h; path = ofxUITabBar.h; sourceTree = "<group>"; };
		1F5D1B8217C7ACA600DA5FF7 /* ofxUITextArea.h */ = {isa = PBXFileReference; fileEncoding = 4; lastKnownFileType = sourcecode.c.h; path = ofxUITextArea.h; sourceTree = "<group>"; };
		1F5D1B8317C7ACA600DA5FF7 /* ofxUITextInput.h */ = {isa = PBXFileReference; fileEncoding = 4; lastKnownFileType = sourcecode.c.h; path = ofxUITextInput.h; sourceTree = "<group>"; };
		1F5D1B8417C7ACA600DA5FF7 /* ofxUIToggle.h */ = {isa = PBXFileReference; fileEncoding = 4; lastKnownFileType = sourcecode.c.h; path = ofxUIToggle.h; sourceTree = "<group>"; };
		1F5D1B8517C7ACA600DA5FF7 /* ofxUIToggleMatrix.h */ = {isa = PBXFileReference; fileEncoding = 4; lastKnownFileType = sourcecode.c.h; path = ofxUIToggleMatrix.h; sourceTree = "<group>"; };
		1F5D1B8617C7ACA600DA5FF7 /* ofxUIUtils.h */ = {isa = PBXFileReference; fileEncoding = 4; lastKnownFileType = sourcecode.c.h; path = ofxUIUtils.h; sourceTree = "<group>"; };
		1F5D1B8717C7ACA600DA5FF7 /* ofxUIValuePlotter.h */ = {isa = PBXFileReference; fileEncoding = 4; lastKnownFileType = sourcecode.c.h; path = ofxUIValuePlotter.h; sourceTree = "<group>"; };
		1F5D1B8817C7ACA600DA5FF7 /* ofxUIWaveform.h */ = {isa = PBXFileReference; fileEncoding = 4; lastKnownFileType = sourcecode.c.h; path = ofxUIWaveform.h; sourceTree = "<group>"; };
		1F5D1B8917C7ACA600DA5FF7 /* ofxUIWidget.h */ = {isa = PBXFileReference; fileEncoding = 4; lastKnownFileType = sourcecode.c.h; path = ofxUIWidget.h; sourceTree = "<group>"; };
		1F5D1B8A17C7ACA600DA5FF7 /* ofxUIWidgetWithLabel.h */ = {isa = PBXFileReference; fileEncoding = 4; lastKnownFileType = sourcecode.c.h; path = ofxUIWidgetWithLabel.h; sourceTree = "<group>"; };
		1F5D1B8D17C7ACB900DA5FF7 /* tinyxml.cpp */ = {isa = PBXFileReference; fileEncoding = 4; lastKnownFileType = sourcecode.cpp.cpp; path = tinyxml.cpp; sourceTree = "<group>"; };
		1F5D1B8E17C7ACB900DA5FF7 /* tinyxml.h */ = {isa = PBXFileReference; fileEncoding = 4; lastKnownFileType = sourcecode.c.h; path = tinyxml.h; sourceTree = "<group>"; };
		1F5D1B8F17C7ACB900DA5FF7 /* tinyxmlerror.cpp */ = {isa = PBXFileReference; fileEncoding = 4; lastKnownFileType = sourcecode.cpp.cpp; path = tinyxmlerror.cpp; sourceTree = "<group>"; };
		1F5D1B9017C7ACB900DA5FF7 /* tinyxmlparser.cpp */ = {isa = PBXFileReference; fileEncoding = 4; lastKnownFileType = sourcecode.cpp.cpp; path = tinyxmlparser.cpp; sourceTree = "<group>"; };
		1F5D1B9217C7ACB900DA5FF7 /* ofxXmlSettings.cpp */ = {isa = PBXFileReference; fileEncoding = 4; lastKnownFileType = sourcecode.cpp.cpp; path = ofxXmlSettings.cpp; sourceTree = "<group>"; };
		1F5D1B9317C7ACB900DA5FF7 /* ofxXmlSettings.h */ = {isa = PBXFileReference; fileEncoding = 4; lastKnownFileType = sourcecode.c.h; path = ofxXmlSettings.h; sourceTree = "<group>"; };
		1F96409117CA8AE200834FC1 /* ofxVideoRecorder.cpp */ = {isa = PBXFileReference; fileEncoding = 4; lastKnownFileType = sourcecode.cpp.cpp; path = ofxVideoRecorder.cpp; sourceTree = "<group>"; };
		1F96409217CA8AE200834FC1 /* ofxVideoRecorder.h */ = {isa = PBXFileReference; fileEncoding = 4; lastKnownFileType = sourcecode.c.h; path = ofxVideoRecorder.h; sourceTree = "<group>"; };
		2295801F930C94A28D50E7E2 /* CAXException.h */ = {isa = PBXFileReference; explicitFileType = sourcecode.c.h; fileEncoding = 30; name = CAXException.h; path = ../../../addons/ofxAudioUnit/src/CAPublicUtility/CAXException.h; sourceTree = SOURCE_ROOT; };
		240097A265C7FC338C551511 /* AUParamInfo.h */ = {isa = PBXFileReference; explicitFileType = sourcecode.c.h; fileEncoding = 30; name = AUParamInfo.h; path = ../../../addons/ofxAudioUnit/src/CAPublicUtility/AUParamInfo.h; sourceTree = SOURCE_ROOT; };
		24AF919600E8F2404A7E5035 /* ofxAudioUnitMatrixMixer.h */ = {isa = PBXFileReference; explicitFileType = sourcecode.c.h; fileEncoding = 30; name = ofxAudioUnitMatrixMixer.h; path = ../../../addons/ofxAudioUnit/src/ofxAudioUnitMatrixMixer.h; sourceTree = SOURCE_ROOT; };
		29320BAA1F94E62780C2C648 /* ofxAudioUnitInput.h */ = {isa = PBXFileReference; explicitFileType = sourcecode.c.h; fileEncoding = 30; name = ofxAudioUnitInput.h; path = ../../../addons/ofxAudioUnit/src/ofxAudioUnitInput.h; sourceTree = SOURCE_ROOT; };
		2939367276DF781697E0D879 /* ofxAudioUnitMixer.cpp */ = {isa = PBXFileReference; explicitFileType = sourcecode.cpp.cpp; fileEncoding = 30; name = ofxAudioUnitMixer.cpp; path = ../../../addons/ofxAudioUnit/src/ofxAudioUnitMixer.cpp; sourceTree = SOURCE_ROOT; };
		2DC2346096C29D44D4517679 /* ofxAudioUnit.cpp */ = {isa = PBXFileReference; explicitFileType = sourcecode.cpp.cpp; fileEncoding = 30; name = ofxAudioUnit.cpp; path = ../../../addons/ofxAudioUnit/src/ofxAudioUnit.cpp; sourceTree = SOURCE_ROOT; };
		31564F8523FF518F4EC8F292 /* ofxAudioUnitFilePlayer.cpp */ = {isa = PBXFileReference; explicitFileType = sourcecode.cpp.cpp; fileEncoding = 30; name = ofxAudioUnitFilePlayer.cpp; path = ../../../addons/ofxAudioUnit/src/ofxAudioUnitFilePlayer.cpp; sourceTree = SOURCE_ROOT; };
		39A11AF55C4BFFBB589C8D0D /* ofxAudioUnitSpeechSynth.cpp */ = {isa = PBXFileReference; explicitFileType = sourcecode.cpp.cpp; fileEncoding = 30; name = ofxAudioUnitSpeechSynth.cpp; path = ../../../addons/ofxAudioUnit/src/ofxAudioUnitSpeechSynth.cpp; sourceTree = SOURCE_ROOT; };
		3BF3233A625C876FDABFAB0C /* ofxAudioUnitTap.cpp */ = {isa = PBXFileReference; explicitFileType = sourcecode.cpp.cpp; fileEncoding = 30; name = ofxAudioUnitTap.cpp; path = ../../../addons/ofxAudioUnit/src/ofxAudioUnitTap.cpp; sourceTree = SOURCE_ROOT; };
		49B5DC24CF34C7895A503416 /* ofxAudioUnitMidi.cpp */ = {isa = PBXFileReference; explicitFileType = sourcecode.cpp.cpp; fileEncoding = 30; name = ofxAudioUnitMidi.cpp; path = ../../../addons/ofxAudioUnit/src/ofxAudioUnitMidi.cpp; sourceTree = SOURCE_ROOT; };
		4B3F2BB1352C56702EDD2D4E /* TPCircularBuffer.h */ = {isa = PBXFileReference; explicitFileType = sourcecode.c.h; fileEncoding = 30; name = TPCircularBuffer.h; path = ../../../addons/ofxAudioUnit/src/TPCircularBuffer/TPCircularBuffer.h; sourceTree = SOURCE_ROOT; };
		58685F70D967CF184B231102 /* ofxAudioUnitOutput.cpp */ = {isa = PBXFileReference; explicitFileType = sourcecode.cpp.cpp; fileEncoding = 30; name = ofxAudioUnitOutput.cpp; path = ../../../addons/ofxAudioUnit/src/ofxAudioUnitOutput.cpp; sourceTree = SOURCE_ROOT; };
		598ECD3AE55D46CB116F5C6F /* CADebugMacros.h */ = {isa = PBXFileReference; explicitFileType = sourcecode.c.h; fileEncoding = 30; name = CADebugMacros.h; path = ../../../addons/ofxAudioUnit/src/CAPublicUtility/CADebugMacros.h; sourceTree = SOURCE_ROOT; };
		72439F44FFDA8E291988657B /* ofxAudioUnitSampler.cpp */ = {isa = PBXFileReference; explicitFileType = sourcecode.cpp.cpp; fileEncoding = 30; name = ofxAudioUnitSampler.cpp; path = ../../../addons/ofxAudioUnit/src/ofxAudioUnitSampler.cpp; sourceTree = SOURCE_ROOT; };
		7C1900A801EF82F8E3B799B7 /* TPCircularBuffer.c */ = {isa = PBXFileReference; explicitFileType = sourcecode.c.c; fileEncoding = 30; name = TPCircularBuffer.c; path = ../../../addons/ofxAudioUnit/src/TPCircularBuffer/TPCircularBuffer.c; sourceTree = SOURCE_ROOT; };
		883971DDCC3F7881C2C65B50 /* ofxAudioUnitSpeechSynth.h */ = {isa = PBXFileReference; explicitFileType = sourcecode.c.h; fileEncoding = 30; name = ofxAudioUnitSpeechSynth.h; path = ../../../addons/ofxAudioUnit/src/ofxAudioUnitSpeechSynth.h; sourceTree = SOURCE_ROOT; };
		8B873EEEF22B81D25EA0D45D /* ofxAudioUnitDSPNode.h */ = {isa = PBXFileReference; explicitFileType = sourcecode.c.h; fileEncoding = 30; name = ofxAudioUnitDSPNode.h; path = ../../../addons/ofxAudioUnit/src/ofxAudioUnitDSPNode.h; sourceTree = SOURCE_ROOT; };
		921304ABBEE9BBAD13436898 /* ofxAudioUnitInput.cpp */ = {isa = PBXFileReference; explicitFileType = sourcecode.cpp.cpp; fileEncoding = 30; name = ofxAudioUnitInput.cpp; path = ../../../addons/ofxAudioUnit/src/ofxAudioUnitInput.cpp; sourceTree = SOURCE_ROOT; };
		9ABA70779062F057766BC5DE /* ofxAudioUnitHardwareUtils.cpp */ = {isa = PBXFileReference; explicitFileType = sourcecode.cpp.cpp; fileEncoding = 30; name = ofxAudioUnitHardwareUtils.cpp; path = ../../../addons/ofxAudioUnit/src/ofxAudioUnitHardwareUtils.cpp; sourceTree = SOURCE_ROOT; };
		A9FB6499E5A09FB015A883EA /* ofxAudioUnitHardwareUtils.h */ = {isa = PBXFileReference; explicitFileType = sourcecode.c.h; fileEncoding = 30; name = ofxAudioUnitHardwareUtils.h; path = ../../../addons/ofxAudioUnit/src/ofxAudioUnitHardwareUtils.h; sourceTree = SOURCE_ROOT; };
		AA63A01981FA6FCF6879A5C3 /* ofxAudioUnitDSPNode.cpp */ = {isa = PBXFileReference; explicitFileType = sourcecode.cpp.cpp; fileEncoding = 30; name = ofxAudioUnitDSPNode.cpp; path = ../../../addons/ofxAudioUnit/src/ofxAudioUnitDSPNode.cpp; sourceTree = SOURCE_ROOT; };
		B4488A9492C5F3EB48122907 /* ofxAudioUnitBase.h */ = {isa = PBXFileReference; explicitFileType = sourcecode.c.h; fileEncoding = 30; name = ofxAudioUnitBase.h; path = ../../../addons/ofxAudioUnit/src/ofxAudioUnitBase.h; sourceTree = SOURCE_ROOT; };
		BBAB23BE13894E4700AA2426 /* GLUT.framework */ = {isa = PBXFileReference; lastKnownFileType = wrapper.framework; name = GLUT.framework; path = ../../../libs/glut/lib/osx/GLUT.framework; sourceTree = "<group>"; };
		C03E4BD2B0DF7B29FCB3BDDF /* ofxAudioUnitSampler.h */ = {isa = PBXFileReference; explicitFileType = sourcecode.c.h; fileEncoding = 30; name = ofxAudioUnitSampler.h; path = ../../../addons/ofxAudioUnit/src/ofxAudioUnitSampler.h; sourceTree = SOURCE_ROOT; };
		C8329EBFADF768E535429BCA /* ofxAudioUnitNetReceive.cpp */ = {isa = PBXFileReference; explicitFileType = sourcecode.cpp.cpp; fileEncoding = 30; name = ofxAudioUnitNetReceive.cpp; path = ../../../addons/ofxAudioUnit/src/ofxAudioUnitNetReceive.cpp; sourceTree = SOURCE_ROOT; };
		C8B7749DFCB2413261E353B4 /* ofxAudioUnitMatrixMixer.cpp */ = {isa = PBXFileReference; explicitFileType = sourcecode.cpp.cpp; fileEncoding = 30; name = ofxAudioUnitMatrixMixer.cpp; path = ../../../addons/ofxAudioUnit/src/ofxAudioUnitMatrixMixer.cpp; sourceTree = SOURCE_ROOT; };
		CCC45454AE1EDAA951FC5B84 /* ofxAudioUnitUtils.h */ = {isa = PBXFileReference; explicitFileType = sourcecode.c.h; fileEncoding = 30; name = ofxAudioUnitUtils.h; path = ../../../addons/ofxAudioUnit/src/ofxAudioUnitUtils.h; sourceTree = SOURCE_ROOT; };
		CDA167E15FB84F30B6CE5F74 /* ofxAudioUnitMidi.h */ = {isa = PBXFileReference; explicitFileType = sourcecode.c.h; fileEncoding = 30; name = ofxAudioUnitMidi.h; path = ../../../addons/ofxAudioUnit/src/ofxAudioUnitMidi.h; sourceTree = SOURCE_ROOT; };
		D354A3121711EC82B6136FB0 /* CADebugMacros.cpp */ = {isa = PBXFileReference; explicitFileType = sourcecode.cpp.cpp; fileEncoding = 30; name = CADebugMacros.cpp; path = ../../../addons/ofxAudioUnit/src/CAPublicUtility/CADebugMacros.cpp; sourceTree = SOURCE_ROOT; };
		D51A3B424E06281899DE1B69 /* ofxAudioUnitTap.h */ = {isa = PBXFileReference; explicitFileType = sourcecode.c.h; fileEncoding = 30; name = ofxAudioUnitTap.h; path = ../../../addons/ofxAudioUnit/src/ofxAudioUnitTap.h; sourceTree = SOURCE_ROOT; };
		E255709A8D96E5B2A47124C8 /* ofxAudioUnitFilePlayer.h */ = {isa = PBXFileReference; explicitFileType = sourcecode.c.h; fileEncoding = 30; name = ofxAudioUnitFilePlayer.h; path = ../../../addons/ofxAudioUnit/src/ofxAudioUnitFilePlayer.h; sourceTree = SOURCE_ROOT; };
		E4328143138ABC890047C5CB /* openFrameworksLib.xcodeproj */ = {isa = PBXFileReference; lastKnownFileType = "wrapper.pb-project"; name = openFrameworksLib.xcodeproj; path = ../../../libs/openFrameworksCompiled/project/osx/openFrameworksLib.xcodeproj; sourceTree = SOURCE_ROOT; };
		E45BE9710E8CC7DD009D7055 /* AGL.framework */ = {isa = PBXFileReference; lastKnownFileType = wrapper.framework; name = AGL.framework; path = /System/Library/Frameworks/AGL.framework; sourceTree = "<absolute>"; };
		E45BE9720E8CC7DD009D7055 /* ApplicationServices.framework */ = {isa = PBXFileReference; lastKnownFileType = wrapper.framework; name = ApplicationServices.framework; path = /System/Library/Frameworks/ApplicationServices.framework; sourceTree = "<absolute>"; };
		E45BE9730E8CC7DD009D7055 /* AudioToolbox.framework */ = {isa = PBXFileReference; lastKnownFileType = wrapper.framework; name = AudioToolbox.framework; path = /System/Library/Frameworks/AudioToolbox.framework; sourceTree = "<absolute>"; };
		E45BE9740E8CC7DD009D7055 /* Carbon.framework */ = {isa = PBXFileReference; lastKnownFileType = wrapper.framework; name = Carbon.framework; path = /System/Library/Frameworks/Carbon.framework; sourceTree = "<absolute>"; };
		E45BE9750E8CC7DD009D7055 /* CoreAudio.framework */ = {isa = PBXFileReference; lastKnownFileType = wrapper.framework; name = CoreAudio.framework; path = /System/Library/Frameworks/CoreAudio.framework; sourceTree = "<absolute>"; };
		E45BE9760E8CC7DD009D7055 /* CoreFoundation.framework */ = {isa = PBXFileReference; lastKnownFileType = wrapper.framework; name = CoreFoundation.framework; path = /System/Library/Frameworks/CoreFoundation.framework; sourceTree = "<absolute>"; };
		E45BE9770E8CC7DD009D7055 /* CoreServices.framework */ = {isa = PBXFileReference; lastKnownFileType = wrapper.framework; name = CoreServices.framework; path = /System/Library/Frameworks/CoreServices.framework; sourceTree = "<absolute>"; };
		E45BE9790E8CC7DD009D7055 /* OpenGL.framework */ = {isa = PBXFileReference; lastKnownFileType = wrapper.framework; name = OpenGL.framework; path = /System/Library/Frameworks/OpenGL.framework; sourceTree = "<absolute>"; };
		E45BE97A0E8CC7DD009D7055 /* QuickTime.framework */ = {isa = PBXFileReference; lastKnownFileType = wrapper.framework; name = QuickTime.framework; path = /System/Library/Frameworks/QuickTime.framework; sourceTree = "<absolute>"; };
		E4B69B5B0A3A1756003C02F2 /* RecordingTestDebug.app */ = {isa = PBXFileReference; explicitFileType = wrapper.application; includeInIndex = 0; path = RecordingTestDebug.app; sourceTree = BUILT_PRODUCTS_DIR; };
		E4B69E1D0A3A1BDC003C02F2 /* main.cpp */ = {isa = PBXFileReference; fileEncoding = 30; lastKnownFileType = sourcecode.cpp.cpp; name = main.cpp; path = src/main.cpp; sourceTree = SOURCE_ROOT; };
		E4B69E1E0A3A1BDC003C02F2 /* testApp.cpp */ = {isa = PBXFileReference; explicitFileType = sourcecode.cpp.cpp; fileEncoding = 30; name = testApp.cpp; path = src/testApp.cpp; sourceTree = SOURCE_ROOT; };
		E4B69E1F0A3A1BDC003C02F2 /* testApp.h */ = {isa = PBXFileReference; fileEncoding = 30; lastKnownFileType = sourcecode.c.h; name = testApp.h; path = src/testApp.h; sourceTree = SOURCE_ROOT; };
		E4B6FCAD0C3E899E008CF71C /* openFrameworks-Info.plist */ = {isa = PBXFileReference; fileEncoding = 30; lastKnownFileType = text.plist.xml; path = "openFrameworks-Info.plist"; sourceTree = "<group>"; };
		E4C2424410CC5A17004149E2 /* AppKit.framework */ = {isa = PBXFileReference; lastKnownFileType = wrapper.framework; name = AppKit.framework; path = /System/Library/Frameworks/AppKit.framework; sourceTree = "<absolute>"; };
		E4C2424510CC5A17004149E2 /* Cocoa.framework */ = {isa = PBXFileReference; lastKnownFileType = wrapper.framework; name = Cocoa.framework; path = /System/Library/Frameworks/Cocoa.framework; sourceTree = "<absolute>"; };
		E4C2424610CC5A17004149E2 /* IOKit.framework */ = {isa = PBXFileReference; lastKnownFileType = wrapper.framework; name = IOKit.framework; path = /System/Library/Frameworks/IOKit.framework; sourceTree = "<absolute>"; };
		E4EB691F138AFCF100A09F29 /* CoreOF.xcconfig */ = {isa = PBXFileReference; fileEncoding = 4; lastKnownFileType = text.xcconfig; name = CoreOF.xcconfig; path = ../../../libs/openFrameworksCompiled/project/osx/CoreOF.xcconfig; sourceTree = SOURCE_ROOT; };
		E4EB6923138AFD0F00A09F29 /* Project.xcconfig */ = {isa = PBXFileReference; fileEncoding = 4; lastKnownFileType = text.xcconfig; path = Project.xcconfig; sourceTree = "<group>"; };
		E7E077E415D3B63C0020DFD4 /* CoreVideo.framework */ = {isa = PBXFileReference; lastKnownFileType = wrapper.framework; name = CoreVideo.framework; path = /System/Library/Frameworks/CoreVideo.framework; sourceTree = "<absolute>"; };
		E7E077E715D3B6510020DFD4 /* QTKit.framework */ = {isa = PBXFileReference; lastKnownFileType = wrapper.framework; name = QTKit.framework; path = /System/Library/Frameworks/QTKit.framework; sourceTree = "<absolute>"; };
		E7F985F515E0DE99003869B5 /* Accelerate.framework */ = {isa = PBXFileReference; lastKnownFileType = wrapper.framework; name = Accelerate.framework; path = /System/Library/Frameworks/Accelerate.framework; sourceTree = "<absolute>"; };
		E8F2F49AF09EB5453E1E6536 /* CAAUParameter.cpp */ = {isa = PBXFileReference; explicitFileType = sourcecode.cpp.cpp; fileEncoding = 30; name = CAAUParameter.cpp; path = ../../../addons/ofxAudioUnit/src/CAPublicUtility/CAAUParameter.cpp; sourceTree = SOURCE_ROOT; };
		F6B47EE3720786D4B6C128CD /* ofxAudioUnitFftNode.h */ = {isa = PBXFileReference; explicitFileType = sourcecode.c.h; fileEncoding = 30; name = ofxAudioUnitFftNode.h; path = ../../../addons/ofxAudioUnit/src/ofxAudioUnitFftNode.h; sourceTree = SOURCE_ROOT; };
		F87718627E3AC8BBCD17012D /* ofxAudioUnitNetReceive.h */ = {isa = PBXFileReference; explicitFileType = sourcecode.c.h; fileEncoding = 30; name = ofxAudioUnitNetReceive.h; path = ../../../addons/ofxAudioUnit/src/ofxAudioUnitNetReceive.h; sourceTree = SOURCE_ROOT; };
		F8ADFB6685B4886F48E323A6 /* ofxAudioUnit.h */ = {isa = PBXFileReference; explicitFileType = sourcecode.c.h; fileEncoding = 30; name = ofxAudioUnit.h; path = ../../../addons/ofxAudioUnit/src/ofxAudioUnit.h; sourceTree = SOURCE_ROOT; };
		FDA227D32C008FE98AD76882 /* AUParamInfo.cpp */ = {isa = PBXFileReference; explicitFileType = sourcecode.cpp.cpp; fileEncoding = 30; name = AUParamInfo.cpp; path = ../../../addons/ofxAudioUnit/src/CAPublicUtility/AUParamInfo.cpp; sourceTree = SOURCE_ROOT; };
		FF9373CF95715BD3B8B9E8F9 /* ofxAudioUnitCocoaUtilties.mm */ = {isa = PBXFileReference; explicitFileType = sourcecode.cpp.objcpp; fileEncoding = 30; name = ofxAudioUnitCocoaUtilties.mm; path = ../../../addons/ofxAudioUnit/src/ofxAudioUnitCocoaUtilties.mm; sourceTree = SOURCE_ROOT; };
/* End PBXFileReference section */

/* Begin PBXFrameworksBuildPhase section */
		E4B69B590A3A1756003C02F2 /* Frameworks */ = {
			isa = PBXFrameworksBuildPhase;
			buildActionMask = 2147483647;
			files = (
				1F5D1B5217C7965700DA5FF7 /* CoreAudioKit.framework in Frameworks */,
				1F5D1B5017C7965100DA5FF7 /* AudioUnit.framework in Frameworks */,
				E7F985F815E0DEA3003869B5 /* Accelerate.framework in Frameworks */,
				E7E077E815D3B6510020DFD4 /* QTKit.framework in Frameworks */,
				E4EB6799138ADC1D00A09F29 /* GLUT.framework in Frameworks */,
				E4328149138ABC9F0047C5CB /* openFrameworksDebug.a in Frameworks */,
				E45BE97B0E8CC7DD009D7055 /* AGL.framework in Frameworks */,
				E45BE97C0E8CC7DD009D7055 /* ApplicationServices.framework in Frameworks */,
				E45BE97D0E8CC7DD009D7055 /* AudioToolbox.framework in Frameworks */,
				E45BE97E0E8CC7DD009D7055 /* Carbon.framework in Frameworks */,
				E45BE97F0E8CC7DD009D7055 /* CoreAudio.framework in Frameworks */,
				E45BE9800E8CC7DD009D7055 /* CoreFoundation.framework in Frameworks */,
				E45BE9810E8CC7DD009D7055 /* CoreServices.framework in Frameworks */,
				E45BE9830E8CC7DD009D7055 /* OpenGL.framework in Frameworks */,
				E45BE9840E8CC7DD009D7055 /* QuickTime.framework in Frameworks */,
				E4C2424710CC5A17004149E2 /* AppKit.framework in Frameworks */,
				E4C2424810CC5A17004149E2 /* Cocoa.framework in Frameworks */,
				E4C2424910CC5A17004149E2 /* IOKit.framework in Frameworks */,
				E7E077E515D3B63C0020DFD4 /* CoreVideo.framework in Frameworks */,
			);
			runOnlyForDeploymentPostprocessing = 0;
		};
/* End PBXFrameworksBuildPhase section */

/* Begin PBXGroup section */
		1F4B8F73512F75DCABF5DA50 /* CAPublicUtility */ = {
			isa = PBXGroup;
			children = (
				FDA227D32C008FE98AD76882 /* AUParamInfo.cpp */,
				240097A265C7FC338C551511 /* AUParamInfo.h */,
				E8F2F49AF09EB5453E1E6536 /* CAAUParameter.cpp */,
				13B169351929EEA804C94E5D /* CAAUParameter.h */,
				D354A3121711EC82B6136FB0 /* CADebugMacros.cpp */,
				598ECD3AE55D46CB116F5C6F /* CADebugMacros.h */,
				2295801F930C94A28D50E7E2 /* CAXException.h */,
			);
			name = CAPublicUtility;
			sourceTree = "<group>";
		};
		1F5D1B5A17C7AC9800DA5FF7 /* ofxUI */ = {
			isa = PBXGroup;
			children = (
				1F5D1B5B17C7ACA600DA5FF7 /* src */,
			);
			name = ofxUI;
			sourceTree = "<group>";
		};
		1F5D1B5B17C7ACA600DA5FF7 /* src */ = {
			isa = PBXGroup;
			children = (
				1F5D1B5C17C7ACA600DA5FF7 /* ofxUI.h */,
				1F5D1B5D17C7ACA600DA5FF7 /* ofxUI2DGraph.h */,
				1F5D1B5E17C7ACA600DA5FF7 /* ofxUI2DPad.h */,
				1F5D1B5F17C7ACA600DA5FF7 /* ofxUIBaseDraws.h */,
				1F5D1B6017C7ACA600DA5FF7 /* ofxUIBiLabelSlider.h */,
				1F5D1B6117C7ACA600DA5FF7 /* ofxUIButton.h */,
				1F5D1B6217C7ACA600DA5FF7 /* ofxUICanvas.h */,
				1F5D1B6317C7ACA600DA5FF7 /* ofxUICircleSlider.h */,
				1F5D1B6417C7ACA600DA5FF7 /* ofxUICustomImageButton.h */,
				1F5D1B6517C7ACA600DA5FF7 /* ofxUIDropDownList.h */,
				1F5D1B6617C7ACA600DA5FF7 /* ofxUIEventArgs.h */,
				1F5D1B6717C7ACA600DA5FF7 /* ofxUIFPS.h */,
				1F5D1B6817C7ACA600DA5FF7 /* ofxUIFPSSlider.h */,
				1F5D1B6917C7ACA600DA5FF7 /* ofxUIImage.h */,
				1F5D1B6A17C7ACA600DA5FF7 /* ofxUIImageButton.h */,
				1F5D1B6B17C7ACA600DA5FF7 /* ofxUIImageSampler.h */,
				1F5D1B6C17C7ACA600DA5FF7 /* ofxUIImageSlider.h */,
				1F5D1B6D17C7ACA600DA5FF7 /* ofxUIImageToggle.h */,
				1F5D1B6E17C7ACA600DA5FF7 /* ofxUILabel.h */,
				1F5D1B6F17C7ACA600DA5FF7 /* ofxUILabelButton.h */,
				1F5D1B7017C7ACA600DA5FF7 /* ofxUILabelToggle.h */,
				1F5D1B7117C7ACA600DA5FF7 /* ofxUIMinimalSlider.h */,
				1F5D1B7217C7ACA600DA5FF7 /* ofxUIMovingGraph.h */,
				1F5D1B7317C7ACA600DA5FF7 /* ofxUIMultiImageButton.h */,
				1F5D1B7417C7ACA600DA5FF7 /* ofxUIMultiImageSlider.h */,
				1F5D1B7517C7ACA600DA5FF7 /* ofxUIMultiImageToggle.h */,
				1F5D1B7617C7ACA600DA5FF7 /* ofxUINumberDialer.h */,
				1F5D1B7717C7ACA600DA5FF7 /* ofxUIOFWrapper.h */,
				1F5D1B7817C7ACA600DA5FF7 /* ofxUIRadio.h */,
				1F5D1B7917C7ACA600DA5FF7 /* ofxUIRangeSlider.h */,
				1F5D1B7A17C7ACA600DA5FF7 /* ofxUIRectangle.h */,
				1F5D1B7B17C7ACA600DA5FF7 /* ofxUIRotarySlider.h */,
				1F5D1B7C17C7ACA600DA5FF7 /* ofxUIScrollableCanvas.h */,
				1F5D1B7D17C7ACA600DA5FF7 /* ofxUISlider.h */,
				1F5D1B7E17C7ACA600DA5FF7 /* ofxUISpacer.h */,
				1F5D1B7F17C7ACA600DA5FF7 /* ofxUISpectrum.h */,
				1F5D1B8017C7ACA600DA5FF7 /* ofxUISuperCanvas.h */,
				1F5D1B8117C7ACA600DA5FF7 /* ofxUITabBar.h */,
				1F5D1B8217C7ACA600DA5FF7 /* ofxUITextArea.h */,
				1F5D1B8317C7ACA600DA5FF7 /* ofxUITextInput.h */,
				1F5D1B8417C7ACA600DA5FF7 /* ofxUIToggle.h */,
				1F5D1B8517C7ACA600DA5FF7 /* ofxUIToggleMatrix.h */,
				1F5D1B8617C7ACA600DA5FF7 /* ofxUIUtils.h */,
				1F5D1B8717C7ACA600DA5FF7 /* ofxUIValuePlotter.h */,
				1F5D1B8817C7ACA600DA5FF7 /* ofxUIWaveform.h */,
				1F5D1B8917C7ACA600DA5FF7 /* ofxUIWidget.h */,
				1F5D1B8A17C7ACA600DA5FF7 /* ofxUIWidgetWithLabel.h */,
			);
			name = src;
			path = ../../../addons/ofxUI/src;
			sourceTree = "<group>";
		};
		1F5D1B8B17C7ACB900DA5FF7 /* ofxXmlSettings */ = {
			isa = PBXGroup;
			children = (
				1F5D1B8C17C7ACB900DA5FF7 /* libs */,
				1F5D1B9117C7ACB900DA5FF7 /* src */,
			);
			name = ofxXmlSettings;
			path = ../../../addons/ofxXmlSettings;
			sourceTree = "<group>";
		};
		1F5D1B8C17C7ACB900DA5FF7 /* libs */ = {
			isa = PBXGroup;
			children = (
				1F5D1B8D17C7ACB900DA5FF7 /* tinyxml.cpp */,
				1F5D1B8E17C7ACB900DA5FF7 /* tinyxml.h */,
				1F5D1B8F17C7ACB900DA5FF7 /* tinyxmlerror.cpp */,
				1F5D1B9017C7ACB900DA5FF7 /* tinyxmlparser.cpp */,
			);
			path = libs;
			sourceTree = "<group>";
		};
		1F5D1B9117C7ACB900DA5FF7 /* src */ = {
			isa = PBXGroup;
			children = (
				1F5D1B9217C7ACB900DA5FF7 /* ofxXmlSettings.cpp */,
				1F5D1B9317C7ACB900DA5FF7 /* ofxXmlSettings.h */,
			);
			path = src;
			sourceTree = "<group>";
		};
		1F96408F17CA8AD400834FC1 /* ofxVideoRecorder */ = {
			isa = PBXGroup;
			children = (
				1F96409017CA8AE200834FC1 /* src */,
			);
			name = ofxVideoRecorder;
			sourceTree = "<group>";
		};
		1F96409017CA8AE200834FC1 /* src */ = {
			isa = PBXGroup;
			children = (
				1F96409117CA8AE200834FC1 /* ofxVideoRecorder.cpp */,
				1F96409217CA8AE200834FC1 /* ofxVideoRecorder.h */,
			);
			name = src;
			path = ../../../addons/ofxVideoRecorder/src;
			sourceTree = "<group>";
		};
		57D572937403D9D7FE4C2000 /* TPCircularBuffer */ = {
			isa = PBXGroup;
			children = (
				7C1900A801EF82F8E3B799B7 /* TPCircularBuffer.c */,
				4B3F2BB1352C56702EDD2D4E /* TPCircularBuffer.h */,
			);
			name = TPCircularBuffer;
			sourceTree = "<group>";
		};
		8119335EE8E352A52D64B712 /* src */ = {
			isa = PBXGroup;
			children = (
				1F4B8F73512F75DCABF5DA50 /* CAPublicUtility */,
				2DC2346096C29D44D4517679 /* ofxAudioUnit.cpp */,
				F8ADFB6685B4886F48E323A6 /* ofxAudioUnit.h */,
				B4488A9492C5F3EB48122907 /* ofxAudioUnitBase.h */,
				FF9373CF95715BD3B8B9E8F9 /* ofxAudioUnitCocoaUtilties.mm */,
				AA63A01981FA6FCF6879A5C3 /* ofxAudioUnitDSPNode.cpp */,
				8B873EEEF22B81D25EA0D45D /* ofxAudioUnitDSPNode.h */,
				10F1B6B6DFEE960F7FA4C661 /* ofxAudioUnitFftNode.cpp */,
				F6B47EE3720786D4B6C128CD /* ofxAudioUnitFftNode.h */,
				31564F8523FF518F4EC8F292 /* ofxAudioUnitFilePlayer.cpp */,
				E255709A8D96E5B2A47124C8 /* ofxAudioUnitFilePlayer.h */,
				9ABA70779062F057766BC5DE /* ofxAudioUnitHardwareUtils.cpp */,
				A9FB6499E5A09FB015A883EA /* ofxAudioUnitHardwareUtils.h */,
				921304ABBEE9BBAD13436898 /* ofxAudioUnitInput.cpp */,
				29320BAA1F94E62780C2C648 /* ofxAudioUnitInput.h */,
				C8B7749DFCB2413261E353B4 /* ofxAudioUnitMatrixMixer.cpp */,
				24AF919600E8F2404A7E5035 /* ofxAudioUnitMatrixMixer.h */,
				49B5DC24CF34C7895A503416 /* ofxAudioUnitMidi.cpp */,
				CDA167E15FB84F30B6CE5F74 /* ofxAudioUnitMidi.h */,
				2939367276DF781697E0D879 /* ofxAudioUnitMixer.cpp */,
				18F9C99EFC1FC4B7EAF4E79F /* ofxAudioUnitMixer.h */,
				C8329EBFADF768E535429BCA /* ofxAudioUnitNetReceive.cpp */,
				F87718627E3AC8BBCD17012D /* ofxAudioUnitNetReceive.h */,
				1B31A94C1F7A20222686E663 /* ofxAudioUnitNetSend.cpp */,
				18B335E1BC2A834648C8D7DF /* ofxAudioUnitNetSend.h */,
				58685F70D967CF184B231102 /* ofxAudioUnitOutput.cpp */,
				089DEAE1CF6D401E86110F72 /* ofxAudioUnitOutput.h */,
				72439F44FFDA8E291988657B /* ofxAudioUnitSampler.cpp */,
				C03E4BD2B0DF7B29FCB3BDDF /* ofxAudioUnitSampler.h */,
				39A11AF55C4BFFBB589C8D0D /* ofxAudioUnitSpeechSynth.cpp */,
				883971DDCC3F7881C2C65B50 /* ofxAudioUnitSpeechSynth.h */,
				3BF3233A625C876FDABFAB0C /* ofxAudioUnitTap.cpp */,
				D51A3B424E06281899DE1B69 /* ofxAudioUnitTap.h */,
				CCC45454AE1EDAA951FC5B84 /* ofxAudioUnitUtils.h */,
				57D572937403D9D7FE4C2000 /* TPCircularBuffer */,
			);
			name = src;
			sourceTree = "<group>";
		};
		9360D34D90EA59A50AF2804F /* ofxAudioUnit */ = {
			isa = PBXGroup;
			children = (
				8119335EE8E352A52D64B712 /* src */,
			);
			name = ofxAudioUnit;
			sourceTree = "<group>";
		};
		BB4B014C10F69532006C3DED /* addons */ = {
			isa = PBXGroup;
			children = (
				1F96408F17CA8AD400834FC1 /* ofxVideoRecorder */,
				1F5D1B8B17C7ACB900DA5FF7 /* ofxXmlSettings */,
				1F5D1B5A17C7AC9800DA5FF7 /* ofxUI */,
				9360D34D90EA59A50AF2804F /* ofxAudioUnit */,
			);
			name = addons;
			sourceTree = "<group>";
		};
		BBAB23C913894ECA00AA2426 /* system frameworks */ = {
			isa = PBXGroup;
			children = (
				E7F985F515E0DE99003869B5 /* Accelerate.framework */,
				E4C2424410CC5A17004149E2 /* AppKit.framework */,
				E4C2424510CC5A17004149E2 /* Cocoa.framework */,
				E4C2424610CC5A17004149E2 /* IOKit.framework */,
				E45BE9710E8CC7DD009D7055 /* AGL.framework */,
				E45BE9720E8CC7DD009D7055 /* ApplicationServices.framework */,
				E45BE9730E8CC7DD009D7055 /* AudioToolbox.framework */,
				E45BE9740E8CC7DD009D7055 /* Carbon.framework */,
				E45BE9750E8CC7DD009D7055 /* CoreAudio.framework */,
				E45BE9760E8CC7DD009D7055 /* CoreFoundation.framework */,
				E45BE9770E8CC7DD009D7055 /* CoreServices.framework */,
				E45BE9790E8CC7DD009D7055 /* OpenGL.framework */,
				E45BE97A0E8CC7DD009D7055 /* QuickTime.framework */,
				E7E077E415D3B63C0020DFD4 /* CoreVideo.framework */,
				E7E077E715D3B6510020DFD4 /* QTKit.framework */,
			);
			name = "system frameworks";
			sourceTree = "<group>";
		};
		BBAB23CA13894EDB00AA2426 /* 3rd party frameworks */ = {
			isa = PBXGroup;
			children = (
				BBAB23BE13894E4700AA2426 /* GLUT.framework */,
			);
			name = "3rd party frameworks";
			sourceTree = "<group>";
		};
		E4328144138ABC890047C5CB /* Products */ = {
			isa = PBXGroup;
			children = (
				E4328148138ABC890047C5CB /* openFrameworksDebug.a */,
			);
			name = Products;
			sourceTree = "<group>";
		};
		E45BE5980E8CC70C009D7055 /* frameworks */ = {
			isa = PBXGroup;
			children = (
				BBAB23CA13894EDB00AA2426 /* 3rd party frameworks */,
				BBAB23C913894ECA00AA2426 /* system frameworks */,
			);
			name = frameworks;
			sourceTree = "<group>";
		};
		E4B69B4A0A3A1720003C02F2 = {
			isa = PBXGroup;
			children = (
				1F5D1B5117C7965700DA5FF7 /* CoreAudioKit.framework */,
				1F5D1B4F17C7965100DA5FF7 /* AudioUnit.framework */,
				E4B6FCAD0C3E899E008CF71C /* openFrameworks-Info.plist */,
				E4EB6923138AFD0F00A09F29 /* Project.xcconfig */,
				E4B69E1C0A3A1BDC003C02F2 /* src */,
				E4EEC9E9138DF44700A80321 /* openFrameworks */,
				BB4B014C10F69532006C3DED /* addons */,
				E45BE5980E8CC70C009D7055 /* frameworks */,
				E4B69B5B0A3A1756003C02F2 /* RecordingTestDebug.app */,
			);
			sourceTree = "<group>";
		};
		E4B69E1C0A3A1BDC003C02F2 /* src */ = {
			isa = PBXGroup;
			children = (
				E4B69E1D0A3A1BDC003C02F2 /* main.cpp */,
				E4B69E1E0A3A1BDC003C02F2 /* testApp.cpp */,
				E4B69E1F0A3A1BDC003C02F2 /* testApp.h */,
			);
			path = src;
			sourceTree = SOURCE_ROOT;
		};
		E4EEC9E9138DF44700A80321 /* openFrameworks */ = {
			isa = PBXGroup;
			children = (
				E4EB691F138AFCF100A09F29 /* CoreOF.xcconfig */,
				E4328143138ABC890047C5CB /* openFrameworksLib.xcodeproj */,
			);
			name = openFrameworks;
			sourceTree = "<group>";
		};
/* End PBXGroup section */

/* Begin PBXNativeTarget section */
		E4B69B5A0A3A1756003C02F2 /* RecordingTest */ = {
			isa = PBXNativeTarget;
			buildConfigurationList = E4B69B5F0A3A1757003C02F2 /* Build configuration list for PBXNativeTarget "RecordingTest" */;
			buildPhases = (
				E4B69B580A3A1756003C02F2 /* Sources */,
				E4B69B590A3A1756003C02F2 /* Frameworks */,
				E4B6FFFD0C3F9AB9008CF71C /* ShellScript */,
				E4C2427710CC5ABF004149E2 /* CopyFiles */,
			);
			buildRules = (
			);
			dependencies = (
				E4EEB9AC138B136A00A80321 /* PBXTargetDependency */,
			);
			name = RecordingTest;
			productName = myOFApp;
			productReference = E4B69B5B0A3A1756003C02F2 /* RecordingTestDebug.app */;
			productType = "com.apple.product-type.application";
		};
/* End PBXNativeTarget section */

/* Begin PBXProject section */
		E4B69B4C0A3A1720003C02F2 /* Project object */ = {
			isa = PBXProject;
			attributes = {
				LastUpgradeCheck = 0460;
			};
			buildConfigurationList = E4B69B4D0A3A1720003C02F2 /* Build configuration list for PBXProject "RecordingTest" */;
			compatibilityVersion = "Xcode 3.2";
			developmentRegion = English;
			hasScannedForEncodings = 0;
			knownRegions = (
				English,
				Japanese,
				French,
				German,
			);
			mainGroup = E4B69B4A0A3A1720003C02F2;
			productRefGroup = E4B69B4A0A3A1720003C02F2;
			projectDirPath = "";
			projectReferences = (
				{
					ProductGroup = E4328144138ABC890047C5CB /* Products */;
					ProjectRef = E4328143138ABC890047C5CB /* openFrameworksLib.xcodeproj */;
				},
			);
			projectRoot = "";
			targets = (
				E4B69B5A0A3A1756003C02F2 /* RecordingTest */,
			);
		};
/* End PBXProject section */

/* Begin PBXReferenceProxy section */
		E4328148138ABC890047C5CB /* openFrameworksDebug.a */ = {
			isa = PBXReferenceProxy;
			fileType = archive.ar;
			path = openFrameworksDebug.a;
			remoteRef = E4328147138ABC890047C5CB /* PBXContainerItemProxy */;
			sourceTree = BUILT_PRODUCTS_DIR;
		};
/* End PBXReferenceProxy section */

/* Begin PBXShellScriptBuildPhase section */
		E4B6FFFD0C3F9AB9008CF71C /* ShellScript */ = {
			isa = PBXShellScriptBuildPhase;
			buildActionMask = 2147483647;
			files = (
			);
			inputPaths = (
			);
			outputPaths = (
			);
			runOnlyForDeploymentPostprocessing = 0;
			shellPath = /bin/sh;
			shellScript = "cp -f ../../../libs/fmodex/lib/osx/libfmodex.dylib \"$TARGET_BUILD_DIR/$PRODUCT_NAME.app/Contents/MacOS/libfmodex.dylib\"; install_name_tool -change ./libfmodex.dylib @executable_path/libfmodex.dylib \"$TARGET_BUILD_DIR/$PRODUCT_NAME.app/Contents/MacOS/$PRODUCT_NAME\";\nmkdir -p \"$TARGET_BUILD_DIR/$PRODUCT_NAME.app/Contents/Resources/\"\ncp -f \"$ICON_FILE\" \"$TARGET_BUILD_DIR/$PRODUCT_NAME.app/Contents/Resources/\"\n";
		};
/* End PBXShellScriptBuildPhase section */

/* Begin PBXSourcesBuildPhase section */
		E4B69B580A3A1756003C02F2 /* Sources */ = {
			isa = PBXSourcesBuildPhase;
			buildActionMask = 2147483647;
			files = (
				E4B69E200A3A1BDC003C02F2 /* main.cpp in Sources */,
				E4B69E210A3A1BDC003C02F2 /* testApp.cpp in Sources */,
				6F4C9BC6393F980E0D016D52 /* AUParamInfo.cpp in Sources */,
				B7855559EDBA512073143693 /* CAAUParameter.cpp in Sources */,
				0C4F519BCE65BA5D7D6B6B68 /* CADebugMacros.cpp in Sources */,
				87B337624802E70C0BDB11F3 /* ofxAudioUnit.cpp in Sources */,
				2D5FF7F2ACFB45212BC7739D /* ofxAudioUnitCocoaUtilties.mm in Sources */,
				2B33B0211E062CB61C7FAEF9 /* ofxAudioUnitDSPNode.cpp in Sources */,
				0E826EC50F9F913C3159C2F7 /* ofxAudioUnitFftNode.cpp in Sources */,
				F37393707BBD7E49A1055FFB /* ofxAudioUnitFilePlayer.cpp in Sources */,
				F09EC3F89CF64E415784BB32 /* ofxAudioUnitHardwareUtils.cpp in Sources */,
				A1D93B3B282E51FD3DED5313 /* ofxAudioUnitInput.cpp in Sources */,
				0906C2D4D2BBEC054B2D5BA5 /* ofxAudioUnitMatrixMixer.cpp in Sources */,
				D5D5C8479C1C2A462955A2EC /* ofxAudioUnitMidi.cpp in Sources */,
				71239FABD9DD8DADE3E2EFF9 /* ofxAudioUnitMixer.cpp in Sources */,
				C0A1F9451231B08DCCFFC838 /* ofxAudioUnitNetReceive.cpp in Sources */,
				250A710D8814BF6D345B0877 /* ofxAudioUnitNetSend.cpp in Sources */,
				F46D757E6D52DFFE3A9C169B /* ofxAudioUnitOutput.cpp in Sources */,
				0928F46C1FFAFB7170C2A661 /* ofxAudioUnitSampler.cpp in Sources */,
				AB6830767302568AB46DC937 /* ofxAudioUnitSpeechSynth.cpp in Sources */,
				0B1A7EDFBC477E5A2E37CCDF /* ofxAudioUnitTap.cpp in Sources */,
				EE243572ECA9AD4D118EEF8E /* TPCircularBuffer.c in Sources */,
				1F5D1B9417C7ACB900DA5FF7 /* tinyxml.cpp in Sources */,
				1F5D1B9517C7ACB900DA5FF7 /* tinyxmlerror.cpp in Sources */,
				1F5D1B9617C7ACB900DA5FF7 /* tinyxmlparser.cpp in Sources */,
				1F5D1B9717C7ACB900DA5FF7 /* ofxXmlSettings.cpp in Sources */,
				1F96409317CA8AE200834FC1 /* ofxVideoRecorder.cpp in Sources */,
			);
			runOnlyForDeploymentPostprocessing = 0;
		};
/* End PBXSourcesBuildPhase section */

/* Begin PBXTargetDependency section */
		E4EEB9AC138B136A00A80321 /* PBXTargetDependency */ = {
			isa = PBXTargetDependency;
			name = openFrameworks;
			targetProxy = E4EEB9AB138B136A00A80321 /* PBXContainerItemProxy */;
		};
/* End PBXTargetDependency section */

/* Begin XCBuildConfiguration section */
		E4B69B4E0A3A1720003C02F2 /* Debug */ = {
			isa = XCBuildConfiguration;
			baseConfigurationReference = E4EB6923138AFD0F00A09F29 /* Project.xcconfig */;
			buildSettings = {
				ARCHS = "$(NATIVE_ARCH)";
				CONFIGURATION_BUILD_DIR = "$(SRCROOT)/bin/";
				COPY_PHASE_STRIP = NO;
				DEAD_CODE_STRIPPING = YES;
				GCC_AUTO_VECTORIZATION = YES;
				GCC_ENABLE_SSE3_EXTENSIONS = YES;
				GCC_ENABLE_SUPPLEMENTAL_SSE3_INSTRUCTIONS = YES;
				GCC_INLINES_ARE_PRIVATE_EXTERN = NO;
				GCC_OPTIMIZATION_LEVEL = 0;
				GCC_SYMBOLS_PRIVATE_EXTERN = NO;
				GCC_WARN_ABOUT_DEPRECATED_FUNCTIONS = YES;
				GCC_WARN_ABOUT_INVALID_OFFSETOF_MACRO = NO;
				GCC_WARN_ALLOW_INCOMPLETE_PROTOCOL = NO;
				GCC_WARN_UNINITIALIZED_AUTOS = NO;
				GCC_WARN_UNUSED_VALUE = NO;
				GCC_WARN_UNUSED_VARIABLE = NO;
				HEADER_SEARCH_PATHS = (
					"$(OF_CORE_HEADERS)",
					../../../addons/ofxAudioUnit/libs,
					../../../addons/ofxAudioUnit/src,
					../../../addons/ofxAudioUnit/src/CAPublicUtility,
					../../../addons/ofxAudioUnit/src/TPCircularBuffer,
					../../../addons/ofxLibwebsockets/libs/openssl/openssl,
					../../../addons/ofxLibwebsockets/src,
					../../../addons/ofxLibwebsockets/libs/ofxLibwebsockets/include,
					../../../addons/ofxLibwebsockets/libs/libwebsockets/include/,
					../../../addons/ofxLibwebsockets/libs/jsoncpp/json,
					../../../addons/ofxLibwebsockets/libs/ofxLibwebsockets/src,
					../../../addons/ofxLibwebsockets/libs/ofxLibwebsockets/include/ofxLibwebsockets,
					../../../addons/ofxVideoRecorder/libs,
					../../../addons/ofxVideoRecorder/src,
				);
				MACOSX_DEPLOYMENT_TARGET = 10.6;
				OTHER_CPLUSPLUSFLAGS = (
					"-D__MACOSX_CORE__",
					"-lpthread",
					"-mtune=native",
				);
				OTHER_LDFLAGS = (
					"$(OF_CORE_LIBS)",
					../../../addons/ofxLibwebsockets/libs/libwebsockets/lib/osx/libwebsockets.a,
					../../../addons/ofxLibwebsockets/libs/openssl/lib/osx/libcrypto.a,
					../../../addons/ofxLibwebsockets/libs/openssl/lib/osx/libssl.a,
				);
				SDKROOT = macosx;
			};
			name = Debug;
		};
		E4B69B4F0A3A1720003C02F2 /* Release */ = {
			isa = XCBuildConfiguration;
			baseConfigurationReference = E4EB6923138AFD0F00A09F29 /* Project.xcconfig */;
			buildSettings = {
				ARCHS = "$(NATIVE_ARCH)";
				CONFIGURATION_BUILD_DIR = "$(SRCROOT)/bin/";
				COPY_PHASE_STRIP = YES;
				DEAD_CODE_STRIPPING = YES;
				GCC_AUTO_VECTORIZATION = YES;
				GCC_ENABLE_SSE3_EXTENSIONS = YES;
				GCC_ENABLE_SUPPLEMENTAL_SSE3_INSTRUCTIONS = YES;
				GCC_INLINES_ARE_PRIVATE_EXTERN = NO;
				GCC_OPTIMIZATION_LEVEL = 3;
				GCC_SYMBOLS_PRIVATE_EXTERN = NO;
				GCC_UNROLL_LOOPS = YES;
				GCC_WARN_ABOUT_DEPRECATED_FUNCTIONS = YES;
				GCC_WARN_ABOUT_INVALID_OFFSETOF_MACRO = NO;
				GCC_WARN_ALLOW_INCOMPLETE_PROTOCOL = NO;
				GCC_WARN_UNINITIALIZED_AUTOS = NO;
				GCC_WARN_UNUSED_VALUE = NO;
				GCC_WARN_UNUSED_VARIABLE = NO;
				HEADER_SEARCH_PATHS = (
					"$(OF_CORE_HEADERS)",
					../../../addons/ofxAudioUnit/libs,
					../../../addons/ofxAudioUnit/src,
					../../../addons/ofxAudioUnit/src/CAPublicUtility,
					../../../addons/ofxAudioUnit/src/TPCircularBuffer,
					../../../addons/ofxLibwebsockets/libs/openssl/openssl,
					../../../addons/ofxLibwebsockets/src,
					../../../addons/ofxLibwebsockets/libs/ofxLibwebsockets/include,
					../../../addons/ofxLibwebsockets/libs/libwebsockets/include/,
					../../../addons/ofxLibwebsockets/libs/jsoncpp/json,
					../../../addons/ofxLibwebsockets/libs/ofxLibwebsockets/src,
					../../../addons/ofxLibwebsockets/libs/ofxLibwebsockets/include/ofxLibwebsockets,
					../../../addons/ofxVideoRecorder/libs,
					../../../addons/ofxVideoRecorder/src,
				);
				MACOSX_DEPLOYMENT_TARGET = 10.6;
				OTHER_CPLUSPLUSFLAGS = (
					"-D__MACOSX_CORE__",
					"-lpthread",
					"-mtune=native",
				);
				OTHER_LDFLAGS = (
					"$(OF_CORE_LIBS)",
					../../../addons/ofxLibwebsockets/libs/libwebsockets/lib/osx/libwebsockets.a,
					../../../addons/ofxLibwebsockets/libs/openssl/lib/osx/libcrypto.a,
					../../../addons/ofxLibwebsockets/libs/openssl/lib/osx/libssl.a,
				);
				SDKROOT = macosx;
			};
			name = Release;
		};
		E4B69B600A3A1757003C02F2 /* Debug */ = {
			isa = XCBuildConfiguration;
			buildSettings = {
				COMBINE_HIDPI_IMAGES = YES;
				COPY_PHASE_STRIP = NO;
				FRAMEWORK_SEARCH_PATHS = (
					"$(inherited)",
					"$(FRAMEWORK_SEARCH_PATHS_QUOTED_FOR_TARGET_1)",
				);
				FRAMEWORK_SEARCH_PATHS_QUOTED_FOR_TARGET_1 = "\"$(SRCROOT)/../../../libs/glut/lib/osx\"";
				GCC_DYNAMIC_NO_PIC = NO;
				GCC_GENERATE_DEBUGGING_SYMBOLS = YES;
				GCC_MODEL_TUNING = NONE;
				ICON = "$(ICON_NAME_DEBUG)";
				ICON_FILE = "$(ICON_FILE_PATH)$(ICON)";
				INFOPLIST_FILE = "openFrameworks-Info.plist";
				INSTALL_PATH = "$(HOME)/Applications";
				LIBRARY_SEARCH_PATHS = (
					"$(inherited)",
					"$(LIBRARY_SEARCH_PATHS_QUOTED_FOR_TARGET_1)",
					"$(LIBRARY_SEARCH_PATHS_QUOTED_FOR_TARGET_2)",
					"$(LIBRARY_SEARCH_PATHS_QUOTED_FOR_TARGET_3)",
					"$(LIBRARY_SEARCH_PATHS_QUOTED_FOR_TARGET_4)",
					"$(LIBRARY_SEARCH_PATHS_QUOTED_FOR_TARGET_5)",
					"$(LIBRARY_SEARCH_PATHS_QUOTED_FOR_TARGET_6)",
					"$(LIBRARY_SEARCH_PATHS_QUOTED_FOR_TARGET_7)",
					"$(LIBRARY_SEARCH_PATHS_QUOTED_FOR_TARGET_8)",
					"$(LIBRARY_SEARCH_PATHS_QUOTED_FOR_TARGET_9)",
					"$(LIBRARY_SEARCH_PATHS_QUOTED_FOR_TARGET_10)",
					"$(LIBRARY_SEARCH_PATHS_QUOTED_FOR_TARGET_11)",
					"$(LIBRARY_SEARCH_PATHS_QUOTED_FOR_TARGET_12)",
					"$(LIBRARY_SEARCH_PATHS_QUOTED_FOR_TARGET_13)",
					"$(LIBRARY_SEARCH_PATHS_QUOTED_FOR_TARGET_14)",
					"$(LIBRARY_SEARCH_PATHS_QUOTED_FOR_TARGET_15)",
					"$(LIBRARY_SEARCH_PATHS_QUOTED_FOR_TARGET_2)",
					"$(LIBRARY_SEARCH_PATHS_QUOTED_FOR_TARGET_3)",
					"$(LIBRARY_SEARCH_PATHS_QUOTED_FOR_TARGET_7)",
					"$(LIBRARY_SEARCH_PATHS_QUOTED_FOR_TARGET_8)",
					"$(LIBRARY_SEARCH_PATHS_QUOTED_FOR_TARGET_9)",
					"$(LIBRARY_SEARCH_PATHS_QUOTED_FOR_TARGET_10)",
					"$(LIBRARY_SEARCH_PATHS_QUOTED_FOR_TARGET_11)",
					"$(LIBRARY_SEARCH_PATHS_QUOTED_FOR_TARGET_12)",
					"$(LIBRARY_SEARCH_PATHS_QUOTED_FOR_TARGET_13)",
					"$(LIBRARY_SEARCH_PATHS_QUOTED_FOR_TARGET_16)",
					"$(LIBRARY_SEARCH_PATHS_QUOTED_FOR_TARGET_17)",
					"$(LIBRARY_SEARCH_PATHS_QUOTED_FOR_TARGET_18)",
					"$(LIBRARY_SEARCH_PATHS_QUOTED_FOR_TARGET_19)",
					"$(LIBRARY_SEARCH_PATHS_QUOTED_FOR_TARGET_20)",
					"$(LIBRARY_SEARCH_PATHS_QUOTED_FOR_TARGET_21)",
					"$(LIBRARY_SEARCH_PATHS_QUOTED_FOR_TARGET_22)",
					"$(LIBRARY_SEARCH_PATHS_QUOTED_FOR_TARGET_23)",
					"$(LIBRARY_SEARCH_PATHS_QUOTED_FOR_TARGET_24)",
					"$(LIBRARY_SEARCH_PATHS_QUOTED_FOR_TARGET_25)",
					"$(LIBRARY_SEARCH_PATHS_QUOTED_FOR_TARGET_26)",
					"$(LIBRARY_SEARCH_PATHS_QUOTED_FOR_TARGET_27)",
					"$(LIBRARY_SEARCH_PATHS_QUOTED_FOR_TARGET_28)",
					"$(LIBRARY_SEARCH_PATHS_QUOTED_FOR_TARGET_29)",
					"$(LIBRARY_SEARCH_PATHS_QUOTED_FOR_TARGET_30)",
					"$(LIBRARY_SEARCH_PATHS_QUOTED_FOR_TARGET_31)",
					"$(LIBRARY_SEARCH_PATHS_QUOTED_FOR_TARGET_32)",
					"$(LIBRARY_SEARCH_PATHS_QUOTED_FOR_TARGET_33)",
					"$(LIBRARY_SEARCH_PATHS_QUOTED_FOR_TARGET_34)",
					"$(LIBRARY_SEARCH_PATHS_QUOTED_FOR_TARGET_35)",
					"$(LIBRARY_SEARCH_PATHS_QUOTED_FOR_TARGET_36)",
					"$(LIBRARY_SEARCH_PATHS_QUOTED_FOR_TARGET_37)",
					"$(LIBRARY_SEARCH_PATHS_QUOTED_FOR_TARGET_38)",
					"$(LIBRARY_SEARCH_PATHS_QUOTED_FOR_TARGET_39)",
					"$(LIBRARY_SEARCH_PATHS_QUOTED_FOR_TARGET_40)",
					"$(LIBRARY_SEARCH_PATHS_QUOTED_FOR_TARGET_41)",
					"$(LIBRARY_SEARCH_PATHS_QUOTED_FOR_TARGET_42)",
					"$(LIBRARY_SEARCH_PATHS_QUOTED_FOR_TARGET_43)",
					"$(LIBRARY_SEARCH_PATHS_QUOTED_FOR_TARGET_44)",
					"$(LIBRARY_SEARCH_PATHS_QUOTED_FOR_TARGET_45)",
					"$(LIBRARY_SEARCH_PATHS_QUOTED_FOR_TARGET_46)",
					"$(LIBRARY_SEARCH_PATHS_QUOTED_FOR_TARGET_47)",
					"$(LIBRARY_SEARCH_PATHS_QUOTED_FOR_TARGET_48)",
					"$(LIBRARY_SEARCH_PATHS_QUOTED_FOR_TARGET_49)",
					"$(LIBRARY_SEARCH_PATHS_QUOTED_FOR_TARGET_50)",
					"$(LIBRARY_SEARCH_PATHS_QUOTED_FOR_TARGET_51)",
					"$(LIBRARY_SEARCH_PATHS_QUOTED_FOR_TARGET_52)",
				);
				PRODUCT_NAME = "$(TARGET_NAME)Debug";
				WRAPPER_EXTENSION = app;
			};
			name = Debug;
		};
		E4B69B610A3A1757003C02F2 /* Release */ = {
			isa = XCBuildConfiguration;
			buildSettings = {
				COMBINE_HIDPI_IMAGES = YES;
				COPY_PHASE_STRIP = YES;
				FRAMEWORK_SEARCH_PATHS = (
					"$(inherited)",
					"$(FRAMEWORK_SEARCH_PATHS_QUOTED_FOR_TARGET_1)",
				);
				FRAMEWORK_SEARCH_PATHS_QUOTED_FOR_TARGET_1 = "\"$(SRCROOT)/../../../libs/glut/lib/osx\"";
				GCC_GENERATE_DEBUGGING_SYMBOLS = YES;
				GCC_MODEL_TUNING = NONE;
				ICON = "$(ICON_NAME_RELEASE)";
				ICON_FILE = "$(ICON_FILE_PATH)$(ICON)";
				INFOPLIST_FILE = "openFrameworks-Info.plist";
				INSTALL_PATH = "$(HOME)/Applications";
				LIBRARY_SEARCH_PATHS = (
					"$(inherited)",
					"$(LIBRARY_SEARCH_PATHS_QUOTED_FOR_TARGET_1)",
					"$(LIBRARY_SEARCH_PATHS_QUOTED_FOR_TARGET_2)",
					"$(LIBRARY_SEARCH_PATHS_QUOTED_FOR_TARGET_3)",
					"$(LIBRARY_SEARCH_PATHS_QUOTED_FOR_TARGET_4)",
					"$(LIBRARY_SEARCH_PATHS_QUOTED_FOR_TARGET_5)",
					"$(LIBRARY_SEARCH_PATHS_QUOTED_FOR_TARGET_6)",
					"$(LIBRARY_SEARCH_PATHS_QUOTED_FOR_TARGET_7)",
					"$(LIBRARY_SEARCH_PATHS_QUOTED_FOR_TARGET_8)",
					"$(LIBRARY_SEARCH_PATHS_QUOTED_FOR_TARGET_9)",
					"$(LIBRARY_SEARCH_PATHS_QUOTED_FOR_TARGET_10)",
					"$(LIBRARY_SEARCH_PATHS_QUOTED_FOR_TARGET_11)",
					"$(LIBRARY_SEARCH_PATHS_QUOTED_FOR_TARGET_12)",
					"$(LIBRARY_SEARCH_PATHS_QUOTED_FOR_TARGET_13)",
					"$(LIBRARY_SEARCH_PATHS_QUOTED_FOR_TARGET_14)",
					"$(LIBRARY_SEARCH_PATHS_QUOTED_FOR_TARGET_15)",
					"$(LIBRARY_SEARCH_PATHS_QUOTED_FOR_TARGET_2)",
					"$(LIBRARY_SEARCH_PATHS_QUOTED_1)",
					"$(LIBRARY_SEARCH_PATHS_QUOTED_FOR_TARGET_3)",
					"$(LIBRARY_SEARCH_PATHS_QUOTED_FOR_TARGET_7)",
					"$(LIBRARY_SEARCH_PATHS_QUOTED_FOR_TARGET_8)",
					"$(LIBRARY_SEARCH_PATHS_QUOTED_FOR_TARGET_9)",
					"$(LIBRARY_SEARCH_PATHS_QUOTED_FOR_TARGET_10)",
					"$(LIBRARY_SEARCH_PATHS_QUOTED_FOR_TARGET_11)",
					"$(LIBRARY_SEARCH_PATHS_QUOTED_FOR_TARGET_12)",
					"$(LIBRARY_SEARCH_PATHS_QUOTED_FOR_TARGET_13)",
					"$(LIBRARY_SEARCH_PATHS_QUOTED_FOR_TARGET_16)",
					"$(LIBRARY_SEARCH_PATHS_QUOTED_FOR_TARGET_17)",
					"$(LIBRARY_SEARCH_PATHS_QUOTED_FOR_TARGET_18)",
					"$(LIBRARY_SEARCH_PATHS_QUOTED_FOR_TARGET_19)",
					"$(LIBRARY_SEARCH_PATHS_QUOTED_FOR_TARGET_20)",
					"$(LIBRARY_SEARCH_PATHS_QUOTED_FOR_TARGET_21)",
					"$(LIBRARY_SEARCH_PATHS_QUOTED_FOR_TARGET_22)",
					"$(LIBRARY_SEARCH_PATHS_QUOTED_FOR_TARGET_23)",
					"$(LIBRARY_SEARCH_PATHS_QUOTED_FOR_TARGET_24)",
					"$(LIBRARY_SEARCH_PATHS_QUOTED_FOR_TARGET_25)",
					"$(LIBRARY_SEARCH_PATHS_QUOTED_FOR_TARGET_26)",
					"$(LIBRARY_SEARCH_PATHS_QUOTED_FOR_TARGET_27)",
					"$(LIBRARY_SEARCH_PATHS_QUOTED_FOR_TARGET_28)",
					"$(LIBRARY_SEARCH_PATHS_QUOTED_FOR_TARGET_29)",
					"$(LIBRARY_SEARCH_PATHS_QUOTED_FOR_TARGET_30)",
					"$(LIBRARY_SEARCH_PATHS_QUOTED_FOR_TARGET_31)",
					"$(LIBRARY_SEARCH_PATHS_QUOTED_FOR_TARGET_32)",
					"$(LIBRARY_SEARCH_PATHS_QUOTED_FOR_TARGET_33)",
					"$(LIBRARY_SEARCH_PATHS_QUOTED_FOR_TARGET_34)",
					"$(LIBRARY_SEARCH_PATHS_QUOTED_FOR_TARGET_35)",
					"$(LIBRARY_SEARCH_PATHS_QUOTED_FOR_TARGET_36)",
					"$(LIBRARY_SEARCH_PATHS_QUOTED_FOR_TARGET_37)",
					"$(LIBRARY_SEARCH_PATHS_QUOTED_FOR_TARGET_38)",
					"$(LIBRARY_SEARCH_PATHS_QUOTED_FOR_TARGET_39)",
					"$(LIBRARY_SEARCH_PATHS_QUOTED_FOR_TARGET_40)",
					"$(LIBRARY_SEARCH_PATHS_QUOTED_FOR_TARGET_41)",
					"$(LIBRARY_SEARCH_PATHS_QUOTED_FOR_TARGET_42)",
					"$(LIBRARY_SEARCH_PATHS_QUOTED_FOR_TARGET_43)",
					"$(LIBRARY_SEARCH_PATHS_QUOTED_FOR_TARGET_44)",
					"$(LIBRARY_SEARCH_PATHS_QUOTED_FOR_TARGET_45)",
					"$(LIBRARY_SEARCH_PATHS_QUOTED_FOR_TARGET_46)",
					"$(LIBRARY_SEARCH_PATHS_QUOTED_FOR_TARGET_47)",
					"$(LIBRARY_SEARCH_PATHS_QUOTED_FOR_TARGET_48)",
					"$(LIBRARY_SEARCH_PATHS_QUOTED_FOR_TARGET_49)",
					"$(LIBRARY_SEARCH_PATHS_QUOTED_FOR_TARGET_50)",
					"$(LIBRARY_SEARCH_PATHS_QUOTED_FOR_TARGET_51)",
				);
				PRODUCT_NAME = "$(TARGET_NAME)";
				WRAPPER_EXTENSION = app;
			};
			name = Release;
		};
/* End XCBuildConfiguration section */

/* Begin XCConfigurationList section */
		E4B69B4D0A3A1720003C02F2 /* Build configuration list for PBXProject "RecordingTest" */ = {
			isa = XCConfigurationList;
			buildConfigurations = (
				E4B69B4E0A3A1720003C02F2 /* Debug */,
				E4B69B4F0A3A1720003C02F2 /* Release */,
			);
			defaultConfigurationIsVisible = 0;
			defaultConfigurationName = Release;
		};
		E4B69B5F0A3A1757003C02F2 /* Build configuration list for PBXNativeTarget "RecordingTest" */ = {
			isa = XCConfigurationList;
			buildConfigurations = (
				E4B69B600A3A1757003C02F2 /* Debug */,
				E4B69B610A3A1757003C02F2 /* Release */,
			);
			defaultConfigurationIsVisible = 0;
			defaultConfigurationName = Release;
		};
/* End XCConfigurationList section */
	};
	rootObject = E4B69B4C0A3A1720003C02F2 /* Project object */;
}
